// !$*UTF8*$!
{
	archiveVersion = 1;
	classes = {
	};
	objectVersion = 56;
	objects = {

/* Begin PBXBuildFile section */
		BD6508332EF6609F008C275B /* Florida_LotteryApp.swift in Sources */ = {isa = PBXBuildFile; fileRef = BD6508322EF6609F008C275B /* Florida_LotteryApp.swift */; };
		BD6508352EF6609F008C275B /* ContentView.swift in Sources */ = {isa = PBXBuildFile; fileRef = BD6508342EF6609F008C275B /* ContentView.swift */; };
		BD6508372EF660A3008C275B /* Assets.xcassets in Resources */ = {isa = PBXBuildFile; fileRef = BD6508362EF660A3008C275B /* Assets.xcassets */; };
		BD65083A2EF660A3008C275B /* Preview Assets.xcassets in Resources */ = {isa = PBXBuildFile; fileRef = BD6508392EF660A3008C275B /* Preview Assets.xcassets */; };
		BD65084A2EF718EF008C275B /* AppViewModel.swift in Sources */ = {isa = PBXBuildFile; fileRef = BD6508492EF718EF008C275B /* AppViewModel.swift */; };
		BD65084C2EF733B7008C275B /* old.rtf in Resources */ = {isa = PBXBuildFile; fileRef = BD65084B2EF733B7008C275B /* old.rtf */; };
		BD65084E2EF73451008C275B /* DataScannerView.swift in Sources */ = {isa = PBXBuildFile; fileRef = BD65084D2EF73451008C275B /* DataScannerView.swift */; };
		BD6508502EF74006008C275B /* BarcodeScannerView.swift in Sources */ = {isa = PBXBuildFile; fileRef = BD65084F2EF74006008C275B /* BarcodeScannerView.swift */; };
		BD6508522EF74504008C275B /* old barcodescannerview.rtf in Resources */ = {isa = PBXBuildFile; fileRef = BD6508512EF74504008C275B /* old barcodescannerview.rtf */; };
		BD6508542EF75717008C275B /* ResultPopupView.swift in Sources */ = {isa = PBXBuildFile; fileRef = BD6508532EF75717008C275B /* ResultPopupView.swift */; };
		BD6508782EFA0F45008C275B /* RootView.swift in Sources */ = {isa = PBXBuildFile; fileRef = BD6508772EFA0F45008C275B /* RootView.swift */; };
		BD65087A2EFA0F6D008C275B /* LoadingView.swift in Sources */ = {isa = PBXBuildFile; fileRef = BD6508792EFA0F6D008C275B /* LoadingView.swift */; };
		BD65087C2EFA1002008C275B /* MainScreenView.swift in Sources */ = {isa = PBXBuildFile; fileRef = BD65087B2EFA1002008C275B /* MainScreenView.swift */; };
/* End PBXBuildFile section */

/* Begin PBXFileReference section */
		BD65082F2EF6609F008C275B /* Florida Lottery.app */ = {isa = PBXFileReference; explicitFileType = wrapper.application; includeInIndex = 0; path = "Florida Lottery.app"; sourceTree = BUILT_PRODUCTS_DIR; };
		BD6508322EF6609F008C275B /* Florida_LotteryApp.swift */ = {isa = PBXFileReference; lastKnownFileType = sourcecode.swift; path = Florida_LotteryApp.swift; sourceTree = "<group>"; };
		BD6508342EF6609F008C275B /* ContentView.swift */ = {isa = PBXFileReference; lastKnownFileType = sourcecode.swift; path = ContentView.swift; sourceTree = "<group>"; };
		BD6508362EF660A3008C275B /* Assets.xcassets */ = {isa = PBXFileReference; lastKnownFileType = folder.assetcatalog; path = Assets.xcassets; sourceTree = "<group>"; };
		BD6508392EF660A3008C275B /* Preview Assets.xcassets */ = {isa = PBXFileReference; lastKnownFileType = folder.assetcatalog; path = "Preview Assets.xcassets"; sourceTree = "<group>"; };
		BD6508482EF716BE008C275B /* Florida-Lottery-Info.plist */ = {isa = PBXFileReference; lastKnownFileType = text.plist; path = "Florida-Lottery-Info.plist"; sourceTree = SOURCE_ROOT; };
		BD6508492EF718EF008C275B /* AppViewModel.swift */ = {isa = PBXFileReference; lastKnownFileType = sourcecode.swift; path = AppViewModel.swift; sourceTree = "<group>"; };
		BD65084B2EF733B7008C275B /* old.rtf */ = {isa = PBXFileReference; lastKnownFileType = text.rtf; path = old.rtf; sourceTree = "<group>"; };
		BD65084D2EF73451008C275B /* DataScannerView.swift */ = {isa = PBXFileReference; lastKnownFileType = sourcecode.swift; path = DataScannerView.swift; sourceTree = "<group>"; };
		BD65084F2EF74006008C275B /* BarcodeScannerView.swift */ = {isa = PBXFileReference; lastKnownFileType = sourcecode.swift; path = BarcodeScannerView.swift; sourceTree = "<group>"; };
		BD6508512EF74504008C275B /* old barcodescannerview.rtf */ = {isa = PBXFileReference; lastKnownFileType = text.rtf; path = "old barcodescannerview.rtf"; sourceTree = "<group>"; };
		BD6508532EF75717008C275B /* ResultPopupView.swift */ = {isa = PBXFileReference; lastKnownFileType = sourcecode.swift; path = ResultPopupView.swift; sourceTree = "<group>"; };
		BD6508772EFA0F45008C275B /* RootView.swift */ = {isa = PBXFileReference; lastKnownFileType = sourcecode.swift; path = RootView.swift; sourceTree = "<group>"; };
		BD6508792EFA0F6D008C275B /* LoadingView.swift */ = {isa = PBXFileReference; lastKnownFileType = sourcecode.swift; path = LoadingView.swift; sourceTree = "<group>"; };
		BD65087B2EFA1002008C275B /* MainScreenView.swift */ = {isa = PBXFileReference; lastKnownFileType = sourcecode.swift; path = MainScreenView.swift; sourceTree = "<group>"; };
/* End PBXFileReference section */

/* Begin PBXFrameworksBuildPhase section */
		BD65082C2EF6609F008C275B /* Frameworks */ = {
			isa = PBXFrameworksBuildPhase;
			buildActionMask = 2147483647;
			files = (
			);
			runOnlyForDeploymentPostprocessing = 0;
		};
/* End PBXFrameworksBuildPhase section */

/* Begin PBXGroup section */
		BD6508262EF6609F008C275B = {
			isa = PBXGroup;
			children = (
				BD6508312EF6609F008C275B /* Florida Lottery */,
				BD6508302EF6609F008C275B /* Products */,
			);
			sourceTree = "<group>";
		};
		BD6508302EF6609F008C275B /* Products */ = {
			isa = PBXGroup;
			children = (
				BD65082F2EF6609F008C275B /* Florida Lottery.app */,
			);
			name = Products;
			sourceTree = "<group>";
		};
		BD6508312EF6609F008C275B /* Florida Lottery */ = {
			isa = PBXGroup;
			children = (
				BD6508482EF716BE008C275B /* Florida-Lottery-Info.plist */,
				BD6508322EF6609F008C275B /* Florida_LotteryApp.swift */,
				BD6508772EFA0F45008C275B /* RootView.swift */,
				BD6508792EFA0F6D008C275B /* LoadingView.swift */,
				BD65087B2EFA1002008C275B /* MainScreenView.swift */,
				BD6508342EF6609F008C275B /* ContentView.swift */,
				BD6508532EF75717008C275B /* ResultPopupView.swift */,
				BD65084F2EF74006008C275B /* BarcodeScannerView.swift */,
				BD65084B2EF733B7008C275B /* old.rtf */,
				BD6508512EF74504008C275B /* old barcodescannerview.rtf */,
				BD6508492EF718EF008C275B /* AppViewModel.swift */,
				BD65084D2EF73451008C275B /* DataScannerView.swift */,
				BD6508362EF660A3008C275B /* Assets.xcassets */,
				BD6508382EF660A3008C275B /* Preview Content */,
			);
			path = "Florida Lottery";
			sourceTree = "<group>";
		};
		BD6508382EF660A3008C275B /* Preview Content */ = {
			isa = PBXGroup;
			children = (
				BD6508392EF660A3008C275B /* Preview Assets.xcassets */,
			);
			path = "Preview Content";
			sourceTree = "<group>";
		};
/* End PBXGroup section */

/* Begin PBXNativeTarget section */
		BD65082E2EF6609F008C275B /* Florida Lottery */ = {
			isa = PBXNativeTarget;
			buildConfigurationList = BD65083D2EF660A3008C275B /* Build configuration list for PBXNativeTarget "Florida Lottery" */;
			buildPhases = (
				BD65082B2EF6609F008C275B /* Sources */,
				BD65082C2EF6609F008C275B /* Frameworks */,
				BD65082D2EF6609F008C275B /* Resources */,
			);
			buildRules = (
			);
			dependencies = (
			);
			name = "Florida Lottery";
			productName = "Florida Lottery";
			productReference = BD65082F2EF6609F008C275B /* Florida Lottery.app */;
			productType = "com.apple.product-type.application";
		};
/* End PBXNativeTarget section */

/* Begin PBXProject section */
		BD6508272EF6609F008C275B /* Project object */ = {
			isa = PBXProject;
			attributes = {
				BuildIndependentTargetsInParallel = 1;
				LastSwiftUpdateCheck = 1540;
				LastUpgradeCheck = 1540;
				TargetAttributes = {
					BD65082E2EF6609F008C275B = {
						CreatedOnToolsVersion = 15.4;
					};
				};
			};
			buildConfigurationList = BD65082A2EF6609F008C275B /* Build configuration list for PBXProject "Florida Lottery" */;
			compatibilityVersion = "Xcode 14.0";
			developmentRegion = en;
			hasScannedForEncodings = 0;
			knownRegions = (
				en,
				Base,
			);
			mainGroup = BD6508262EF6609F008C275B;
			productRefGroup = BD6508302EF6609F008C275B /* Products */;
			projectDirPath = "";
			projectRoot = "";
			targets = (
				BD65082E2EF6609F008C275B /* Florida Lottery */,
			);
		};
/* End PBXProject section */

/* Begin PBXResourcesBuildPhase section */
		BD65082D2EF6609F008C275B /* Resources */ = {
			isa = PBXResourcesBuildPhase;
			buildActionMask = 2147483647;
			files = (
				BD6508522EF74504008C275B /* old barcodescannerview.rtf in Resources */,
				BD65084C2EF733B7008C275B /* old.rtf in Resources */,
				BD65083A2EF660A3008C275B /* Preview Assets.xcassets in Resources */,
				BD6508372EF660A3008C275B /* Assets.xcassets in Resources */,
			);
			runOnlyForDeploymentPostprocessing = 0;
		};
/* End PBXResourcesBuildPhase section */

/* Begin PBXSourcesBuildPhase section */
		BD65082B2EF6609F008C275B /* Sources */ = {
			isa = PBXSourcesBuildPhase;
			buildActionMask = 2147483647;
			files = (
				BD6508502EF74006008C275B /* BarcodeScannerView.swift in Sources */,
				BD6508352EF6609F008C275B /* ContentView.swift in Sources */,
				BD6508332EF6609F008C275B /* Florida_LotteryApp.swift in Sources */,
				BD65084A2EF718EF008C275B /* AppViewModel.swift in Sources */,
				BD65087C2EFA1002008C275B /* MainScreenView.swift in Sources */,
				BD6508782EFA0F45008C275B /* RootView.swift in Sources */,
				BD65087A2EFA0F6D008C275B /* LoadingView.swift in Sources */,
				BD65084E2EF73451008C275B /* DataScannerView.swift in Sources */,
				BD6508542EF75717008C275B /* ResultPopupView.swift in Sources */,
			);
			runOnlyForDeploymentPostprocessing = 0;
		};
/* End PBXSourcesBuildPhase section */

/* Begin XCBuildConfiguration section */
		BD65083B2EF660A3008C275B /* Debug */ = {
			isa = XCBuildConfiguration;
			buildSettings = {
				ALWAYS_SEARCH_USER_PATHS = NO;
				ASSETCATALOG_COMPILER_GENERATE_SWIFT_ASSET_SYMBOL_EXTENSIONS = YES;
				CLANG_ANALYZER_NONNULL = YES;
				CLANG_ANALYZER_NUMBER_OBJECT_CONVERSION = YES_AGGRESSIVE;
				CLANG_CXX_LANGUAGE_STANDARD = "gnu++20";
				CLANG_ENABLE_MODULES = YES;
				CLANG_ENABLE_OBJC_ARC = YES;
				CLANG_ENABLE_OBJC_WEAK = YES;
				CLANG_WARN_BLOCK_CAPTURE_AUTORELEASING = YES;
				CLANG_WARN_BOOL_CONVERSION = YES;
				CLANG_WARN_COMMA = YES;
				CLANG_WARN_CONSTANT_CONVERSION = YES;
				CLANG_WARN_DEPRECATED_OBJC_IMPLEMENTATIONS = YES;
				CLANG_WARN_DIRECT_OBJC_ISA_USAGE = YES_ERROR;
				CLANG_WARN_DOCUMENTATION_COMMENTS = YES;
				CLANG_WARN_EMPTY_BODY = YES;
				CLANG_WARN_ENUM_CONVERSION = YES;
				CLANG_WARN_INFINITE_RECURSION = YES;
				CLANG_WARN_INT_CONVERSION = YES;
				CLANG_WARN_NON_LITERAL_NULL_CONVERSION = YES;
				CLANG_WARN_OBJC_IMPLICIT_RETAIN_SELF = YES;
				CLANG_WARN_OBJC_LITERAL_CONVERSION = YES;
				CLANG_WARN_OBJC_ROOT_CLASS = YES_ERROR;
				CLANG_WARN_QUOTED_INCLUDE_IN_FRAMEWORK_HEADER = YES;
				CLANG_WARN_RANGE_LOOP_ANALYSIS = YES;
				CLANG_WARN_STRICT_PROTOTYPES = YES;
				CLANG_WARN_SUSPICIOUS_MOVE = YES;
				CLANG_WARN_UNGUARDED_AVAILABILITY = YES_AGGRESSIVE;
				CLANG_WARN_UNREACHABLE_CODE = YES;
				CLANG_WARN__DUPLICATE_METHOD_MATCH = YES;
				COPY_PHASE_STRIP = NO;
				DEBUG_INFORMATION_FORMAT = dwarf;
				ENABLE_STRICT_OBJC_MSGSEND = YES;
				ENABLE_TESTABILITY = YES;
				ENABLE_USER_SCRIPT_SANDBOXING = YES;
				GCC_C_LANGUAGE_STANDARD = gnu17;
				GCC_DYNAMIC_NO_PIC = NO;
				GCC_NO_COMMON_BLOCKS = YES;
				GCC_OPTIMIZATION_LEVEL = 0;
				GCC_PREPROCESSOR_DEFINITIONS = (
					"DEBUG=1",
					"$(inherited)",
				);
				GCC_WARN_64_TO_32_BIT_CONVERSION = YES;
				GCC_WARN_ABOUT_RETURN_TYPE = YES_ERROR;
				GCC_WARN_UNDECLARED_SELECTOR = YES;
				GCC_WARN_UNINITIALIZED_AUTOS = YES_AGGRESSIVE;
				GCC_WARN_UNUSED_FUNCTION = YES;
				GCC_WARN_UNUSED_VARIABLE = YES;
				IPHONEOS_DEPLOYMENT_TARGET = 17.5;
				LOCALIZATION_PREFERS_STRING_CATALOGS = YES;
				MTL_ENABLE_DEBUG_INFO = INCLUDE_SOURCE;
				MTL_FAST_MATH = YES;
				ONLY_ACTIVE_ARCH = YES;
				SDKROOT = iphoneos;
				SWIFT_ACTIVE_COMPILATION_CONDITIONS = "DEBUG $(inherited)";
				SWIFT_OPTIMIZATION_LEVEL = "-Onone";
			};
			name = Debug;
		};
		BD65083C2EF660A3008C275B /* Release */ = {
			isa = XCBuildConfiguration;
			buildSettings = {
				ALWAYS_SEARCH_USER_PATHS = NO;
				ASSETCATALOG_COMPILER_GENERATE_SWIFT_ASSET_SYMBOL_EXTENSIONS = YES;
				CLANG_ANALYZER_NONNULL = YES;
				CLANG_ANALYZER_NUMBER_OBJECT_CONVERSION = YES_AGGRESSIVE;
				CLANG_CXX_LANGUAGE_STANDARD = "gnu++20";
				CLANG_ENABLE_MODULES = YES;
				CLANG_ENABLE_OBJC_ARC = YES;
				CLANG_ENABLE_OBJC_WEAK = YES;
				CLANG_WARN_BLOCK_CAPTURE_AUTORELEASING = YES;
				CLANG_WARN_BOOL_CONVERSION = YES;
				CLANG_WARN_COMMA = YES;
				CLANG_WARN_CONSTANT_CONVERSION = YES;
				CLANG_WARN_DEPRECATED_OBJC_IMPLEMENTATIONS = YES;
				CLANG_WARN_DIRECT_OBJC_ISA_USAGE = YES_ERROR;
				CLANG_WARN_DOCUMENTATION_COMMENTS = YES;
				CLANG_WARN_EMPTY_BODY = YES;
				CLANG_WARN_ENUM_CONVERSION = YES;
				CLANG_WARN_INFINITE_RECURSION = YES;
				CLANG_WARN_INT_CONVERSION = YES;
				CLANG_WARN_NON_LITERAL_NULL_CONVERSION = YES;
				CLANG_WARN_OBJC_IMPLICIT_RETAIN_SELF = YES;
				CLANG_WARN_OBJC_LITERAL_CONVERSION = YES;
				CLANG_WARN_OBJC_ROOT_CLASS = YES_ERROR;
				CLANG_WARN_QUOTED_INCLUDE_IN_FRAMEWORK_HEADER = YES;
				CLANG_WARN_RANGE_LOOP_ANALYSIS = YES;
				CLANG_WARN_STRICT_PROTOTYPES = YES;
				CLANG_WARN_SUSPICIOUS_MOVE = YES;
				CLANG_WARN_UNGUARDED_AVAILABILITY = YES_AGGRESSIVE;
				CLANG_WARN_UNREACHABLE_CODE = YES;
				CLANG_WARN__DUPLICATE_METHOD_MATCH = YES;
				COPY_PHASE_STRIP = NO;
				DEBUG_INFORMATION_FORMAT = "dwarf-with-dsym";
				ENABLE_NS_ASSERTIONS = NO;
				ENABLE_STRICT_OBJC_MSGSEND = YES;
				ENABLE_USER_SCRIPT_SANDBOXING = YES;
				GCC_C_LANGUAGE_STANDARD = gnu17;
				GCC_NO_COMMON_BLOCKS = YES;
				GCC_WARN_64_TO_32_BIT_CONVERSION = YES;
				GCC_WARN_ABOUT_RETURN_TYPE = YES_ERROR;
				GCC_WARN_UNDECLARED_SELECTOR = YES;
				GCC_WARN_UNINITIALIZED_AUTOS = YES_AGGRESSIVE;
				GCC_WARN_UNUSED_FUNCTION = YES;
				GCC_WARN_UNUSED_VARIABLE = YES;
				IPHONEOS_DEPLOYMENT_TARGET = 17.5;
				LOCALIZATION_PREFERS_STRING_CATALOGS = YES;
				MTL_ENABLE_DEBUG_INFO = NO;
				MTL_FAST_MATH = YES;
				SDKROOT = iphoneos;
				SWIFT_COMPILATION_MODE = wholemodule;
				VALIDATE_PRODUCT = YES;
			};
			name = Release;
		};
		BD65083E2EF660A3008C275B /* Debug */ = {
			isa = XCBuildConfiguration;
			buildSettings = {
				ASSETCATALOG_COMPILER_APPICON_NAME = AppIcon;
				ASSETCATALOG_COMPILER_GLOBAL_ACCENT_COLOR_NAME = AccentColor;
				CODE_SIGN_STYLE = Automatic;
				CURRENT_PROJECT_VERSION = 1;
				DEVELOPMENT_ASSET_PATHS = "\"Florida Lottery/Preview Content\"";
				DEVELOPMENT_TEAM = N8B378YF6W;
				ENABLE_PREVIEWS = YES;
				GENERATE_INFOPLIST_FILE = YES;
				INFOPLIST_FILE = "Florida-Lottery-Info.plist";
				INFOPLIST_KEY_NSCameraUsageDescription = "Need camera acess for barcode";
				INFOPLIST_KEY_UIApplicationSceneManifest_Generation = YES;
				INFOPLIST_KEY_UIApplicationSupportsIndirectInputEvents = YES;
				INFOPLIST_KEY_UILaunchScreen_Generation = YES;
				INFOPLIST_KEY_UISupportedInterfaceOrientations_iPad = "UIInterfaceOrientationPortrait UIInterfaceOrientationPortraitUpsideDown UIInterfaceOrientationLandscapeLeft UIInterfaceOrientationLandscapeRight";
				INFOPLIST_KEY_UISupportedInterfaceOrientations_iPhone = "UIInterfaceOrientationPortrait UIInterfaceOrientationLandscapeLeft UIInterfaceOrientationLandscapeRight";
				LD_RUNPATH_SEARCH_PATHS = (
					"$(inherited)",
					"@executable_path/Frameworks",
				);
				MARKETING_VERSION = 1.0;
				PRODUCT_BUNDLE_IDENTIFIER = "com.Florida-Lottery-app";
				PRODUCT_NAME = "$(TARGET_NAME)";
				SWIFT_EMIT_LOC_STRINGS = YES;
				SWIFT_VERSION = 5.0;
				TARGETED_DEVICE_FAMILY = "1,2";
			};
			name = Debug;
		};
		BD65083F2EF660A3008C275B /* Release */ = {
			isa = XCBuildConfiguration;
			buildSettings = {
				ASSETCATALOG_COMPILER_APPICON_NAME = AppIcon;
				ASSETCATALOG_COMPILER_GLOBAL_ACCENT_COLOR_NAME = AccentColor;
				CODE_SIGN_STYLE = Automatic;
				CURRENT_PROJECT_VERSION = 1;
				DEVELOPMENT_ASSET_PATHS = "\"Florida Lottery/Preview Content\"";
				DEVELOPMENT_TEAM = N8B378YF6W;
				ENABLE_PREVIEWS = YES;
				GENERATE_INFOPLIST_FILE = YES;
				INFOPLIST_FILE = "Florida-Lottery-Info.plist";
				INFOPLIST_KEY_NSCameraUsageDescription = "Need camera acess for barcode";
				INFOPLIST_KEY_UIApplicationSceneManifest_Generation = YES;
				INFOPLIST_KEY_UIApplicationSupportsIndirectInputEvents = YES;
				INFOPLIST_KEY_UILaunchScreen_Generation = YES;
				INFOPLIST_KEY_UISupportedInterfaceOrientations_iPad = "UIInterfaceOrientationPortrait UIInterfaceOrientationPortraitUpsideDown UIInterfaceOrientationLandscapeLeft UIInterfaceOrientationLandscapeRight";
				INFOPLIST_KEY_UISupportedInterfaceOrientations_iPhone = "UIInterfaceOrientationPortrait UIInterfaceOrientationLandscapeLeft UIInterfaceOrientationLandscapeRight";
				LD_RUNPATH_SEARCH_PATHS = (
					"$(inherited)",
					"@executable_path/Frameworks",
				);
				MARKETING_VERSION = 1.0;
				PRODUCT_BUNDLE_IDENTIFIER = "com.Florida-Lottery-app";
				PRODUCT_NAME = "$(TARGET_NAME)";
				SWIFT_EMIT_LOC_STRINGS = YES;
				SWIFT_VERSION = 5.0;
				TARGETED_DEVICE_FAMILY = "1,2";
			};
			name = Release;
		};
/* End XCBuildConfiguration section */

/* Begin XCConfigurationList section */
		BD65082A2EF6609F008C275B /* Build configuration list for PBXProject "Florida Lottery" */ = {
			isa = XCConfigurationList;
			buildConfigurations = (
				BD65083B2EF660A3008C275B /* Debug */,
				BD65083C2EF660A3008C275B /* Release */,
			);
			defaultConfigurationIsVisible = 0;
			defaultConfigurationName = Release;
		};
		BD65083D2EF660A3008C275B /* Build configuration list for PBXNativeTarget "Florida Lottery" */ = {
			isa = XCConfigurationList;
			buildConfigurations = (
				BD65083E2EF660A3008C275B /* Debug */,
				BD65083F2EF660A3008C275B /* Release */,
			);
			defaultConfigurationIsVisible = 0;
			defaultConfigurationName = Release;
		};
/* End XCConfigurationList section */
	};
	rootObject = BD6508272EF6609F008C275B /* Project object */;
}
